
Microsoft Visual Studio Solution File, Format Version 12.00
Project("{FAE04EC0-301F-11D3-BF4B-00C04F79EFBC}") = "Core", "Core\Core.csproj", "{F933D884-E72F-440F-8B1E-0B7C612AA5D8}"
EndProject
Project("{FAE04EC0-301F-11D3-BF4B-00C04F79EFBC}") = "Application", "Application\Application.csproj", "{43BD5513-C569-4A95-9F4A-6EEEF8D3F8A0}"
EndProject
Project("{2150E333-8FDC-42A3-9474-1A3956D46DE8}") = "src", "src", "{8B784208-31D4-4D6F-9EA6-68132F11B0A7}"
EndProject
Project("{FAE04EC0-301F-11D3-BF4B-00C04F79EFBC}") = "Auth", "Auth\Auth.csproj", "{5CBD8BC2-87E2-44A3-9711-E7CFB5295844}"
EndProject
Project("{FAE04EC0-301F-11D3-BF4B-00C04F79EFBC}") = "Auth.Common", "Auth.Common\Auth.Common.csproj", "{1E738691-5BD4-4E6B-A15F-1C78FD18CFAC}"
EndProject
Project("{FAE04EC0-301F-11D3-BF4B-00C04F79EFBC}") = "PolarStar", "PolarStar\PolarStar.csproj", "{405EF736-CA78-49B1-B4B5-392C94DB0041}"
EndProject
Project("{2150E333-8FDC-42A3-9474-1A3956D46DE8}") = "auth", "auth", "{F7513502-505B-422F-B7A2-B99E70B7B245}"
EndProject
Project("{2150E333-8FDC-42A3-9474-1A3956D46DE8}") = "polarstar", "polarstar", "{7A07C863-7AFC-48C5-B236-5917251233C5}"
EndProject
Global
	GlobalSection(SolutionConfigurationPlatforms) = preSolution
		Debug|Any CPU = Debug|Any CPU
		Release|Any CPU = Release|Any CPU
	EndGlobalSection
	GlobalSection(ProjectConfigurationPlatforms) = postSolution
		{F933D884-E72F-440F-8B1E-0B7C612AA5D8}.Debug|Any CPU.ActiveCfg = Debug|Any CPU
		{F933D884-E72F-440F-8B1E-0B7C612AA5D8}.Debug|Any CPU.Build.0 = Debug|Any CPU
		{F933D884-E72F-440F-8B1E-0B7C612AA5D8}.Release|Any CPU.ActiveCfg = Release|Any CPU
		{F933D884-E72F-440F-8B1E-0B7C612AA5D8}.Release|Any CPU.Build.0 = Release|Any CPU
		{43BD5513-C569-4A95-9F4A-6EEEF8D3F8A0}.Debug|Any CPU.ActiveCfg = Debug|Any CPU
		{43BD5513-C569-4A95-9F4A-6EEEF8D3F8A0}.Debug|Any CPU.Build.0 = Debug|Any CPU
		{43BD5513-C569-4A95-9F4A-6EEEF8D3F8A0}.Release|Any CPU.ActiveCfg = Release|Any CPU
		{43BD5513-C569-4A95-9F4A-6EEEF8D3F8A0}.Release|Any CPU.Build.0 = Release|Any CPU
		{5CBD8BC2-87E2-44A3-9711-E7CFB5295844}.Debug|Any CPU.ActiveCfg = Debug|Any CPU
		{5CBD8BC2-87E2-44A3-9711-E7CFB5295844}.Debug|Any CPU.Build.0 = Debug|Any CPU
		{5CBD8BC2-87E2-44A3-9711-E7CFB5295844}.Release|Any CPU.ActiveCfg = Release|Any CPU
		{5CBD8BC2-87E2-44A3-9711-E7CFB5295844}.Release|Any CPU.Build.0 = Release|Any CPU
		{1E738691-5BD4-4E6B-A15F-1C78FD18CFAC}.Debug|Any CPU.ActiveCfg = Debug|Any CPU
		{1E738691-5BD4-4E6B-A15F-1C78FD18CFAC}.Debug|Any CPU.Build.0 = Debug|Any CPU
		{1E738691-5BD4-4E6B-A15F-1C78FD18CFAC}.Release|Any CPU.ActiveCfg = Release|Any CPU
		{1E738691-5BD4-4E6B-A15F-1C78FD18CFAC}.Release|Any CPU.Build.0 = Release|Any CPU
		{405EF736-CA78-49B1-B4B5-392C94DB0041}.Debug|Any CPU.ActiveCfg = Debug|Any CPU
		{405EF736-CA78-49B1-B4B5-392C94DB0041}.Debug|Any CPU.Build.0 = Debug|Any CPU
		{405EF736-CA78-49B1-B4B5-392C94DB0041}.Release|Any CPU.ActiveCfg = Release|Any CPU
		{405EF736-CA78-49B1-B4B5-392C94DB0041}.Release|Any CPU.Build.0 = Release|Any CPU
	EndGlobalSection
	GlobalSection(NestedProjects) = preSolution
		{F7513502-505B-422F-B7A2-B99E70B7B245} = {8B784208-31D4-4D6F-9EA6-68132F11B0A7}
		{5CBD8BC2-87E2-44A3-9711-E7CFB5295844} = {F7513502-505B-422F-B7A2-B99E70B7B245}
		{1E738691-5BD4-4E6B-A15F-1C78FD18CFAC} = {F7513502-505B-422F-B7A2-B99E70B7B245}
		{7A07C863-7AFC-48C5-B236-5917251233C5} = {8B784208-31D4-4D6F-9EA6-68132F11B0A7}
		{43BD5513-C569-4A95-9F4A-6EEEF8D3F8A0} = {7A07C863-7AFC-48C5-B236-5917251233C5}
		{F933D884-E72F-440F-8B1E-0B7C612AA5D8} = {7A07C863-7AFC-48C5-B236-5917251233C5}
		{405EF736-CA78-49B1-B4B5-392C94DB0041} = {7A07C863-7AFC-48C5-B236-5917251233C5}
	EndGlobalSection
EndGlobal
